
Microsoft Visual Studio Solution File, Format Version 12.00
# Visual Studio Version 17
VisualStudioVersion = 17.10.35122.118
MinimumVisualStudioVersion = 10.0.40219.1
Project("{FAE04EC0-301F-11D3-BF4B-00C04F79EFBC}") = "DynamoDBMigrationTool", "DynamoDBMigrationTool\DynamoDBMigrationTool.csproj", "{7BD837D5-2D10-4C3E-8FBD-2618BD9BCA37}"
EndProject
Project("{FAE04EC0-301F-11D3-BF4B-00C04F79EFBC}") = "DynamoDBMigrationLib", "DynamoDBMigrationLib\DynamoDBMigrationLib.csproj", "{6CF8518F-9CEB-47CE-9DCA-746F8AD9323A}"
EndProject
Global
	GlobalSection(SolutionConfigurationPlatforms) = preSolution
		Debug|Any CPU = Debug|Any CPU
		Release|Any CPU = Release|Any CPU
	EndGlobalSection
	GlobalSection(ProjectConfigurationPlatforms) = postSolution
		{7BD837D5-2D10-4C3E-8FBD-2618BD9BCA37}.Debug|Any CPU.ActiveCfg = Debug|Any CPU
		{7BD837D5-2D10-4C3E-8FBD-2618BD9BCA37}.Debug|Any CPU.Build.0 = Debug|Any CPU
		{7BD837D5-2D10-4C3E-8FBD-2618BD9BCA37}.Release|Any CPU.ActiveCfg = Release|Any CPU
		{7BD837D5-2D10-4C3E-8FBD-2618BD9BCA37}.Release|Any CPU.Build.0 = Release|Any CPU
		{6CF8518F-9CEB-47CE-9DCA-746F8AD9323A}.Debug|Any CPU.ActiveCfg = Debug|Any CPU
		{6CF8518F-9CEB-47CE-9DCA-746F8AD9323A}.Debug|Any CPU.Build.0 = Debug|Any CPU
		{6CF8518F-9CEB-47CE-9DCA-746F8AD9323A}.Release|Any CPU.ActiveCfg = Release|Any CPU
		{6CF8518F-9CEB-47CE-9DCA-746F8AD9323A}.Release|Any CPU.Build.0 = Release|Any CPU
	EndGlobalSection
	GlobalSection(SolutionProperties) = preSolution
		HideSolutionNode = FALSE
	EndGlobalSection
	GlobalSection(ExtensibilityGlobals) = postSolution
		SolutionGuid = {495C561C-FAE3-45B7-BFF9-FE523C950A6E}
	EndGlobalSection
EndGlobal
